
Microsoft Visual Studio Solution File, Format Version 12.00
# Visual Studio Version 17
VisualStudioVersion = 17.0.31903.59
MinimumVisualStudioVersion = 10.0.40219.1
Project("{FAE04EC0-301F-11D3-BF4B-00C04F79EFBC}") = "Drastic.LiteDB", "Drastic.LiteDB\Drastic.LiteDB.csproj", "{B3B6D803-6859-49C2-A71D-132BAF02151D}"
EndProject
Global
	GlobalSection(SolutionConfigurationPlatforms) = preSolution
		Debug|Any CPU = Debug|Any CPU
		Release|Any CPU = Release|Any CPU
	EndGlobalSection
	GlobalSection(SolutionProperties) = preSolution
		HideSolutionNode = FALSE
	EndGlobalSection
	GlobalSection(ProjectConfigurationPlatforms) = postSolution
		{B3B6D803-6859-49C2-A71D-132BAF02151D}.Debug|Any CPU.ActiveCfg = Debug|Any CPU
		{B3B6D803-6859-49C2-A71D-132BAF02151D}.Debug|Any CPU.Build.0 = Debug|Any CPU
		{B3B6D803-6859-49C2-A71D-132BAF02151D}.Release|Any CPU.ActiveCfg = Release|Any CPU
		{B3B6D803-6859-49C2-A71D-132BAF02151D}.Release|Any CPU.Build.0 = Release|Any CPU
	EndGlobalSection
EndGlobal
